
Microsoft Visual Studio Solution File, Format Version 12.00
# Visual Studio Version 18
VisualStudioVersion = 18.6.11822.322 stable
MinimumVisualStudioVersion = 10.0.40219.1
Project("{2150E333-8FDC-42A3-9474-1A3956D46DE8}") = ".github", ".github", "{27CF2740-FA46-4656-969A-B2206E00EE30}"
EndProject
Project("{2150E333-8FDC-42A3-9474-1A3956D46DE8}") = "workflows", "workflows", "{3365AEEB-B440-4B19-9765-A7D7CE4DEF97}"
	ProjectSection(SolutionItems) = preProject
		.github\workflows\dotnet.yml = .github\workflows\dotnet.yml
	EndProjectSection
EndProject
Project("{FAE04EC0-301F-11D3-BF4B-00C04F79EFBC}") = "winexpext.app", "winexpext.app\winexpext.app.csproj", "{B30FC8D2-EB34-F595-4A0F-61DB86B93984}"
EndProject
Project("{FAE04EC0-301F-11D3-BF4B-00C04F79EFBC}") = "winexpext.lib", "winexpext.lib\winexpext.lib.csproj", "{614DF31A-D9EE-F686-00DD-09D8760C1D93}"
EndProject
Project("{FAE04EC0-301F-11D3-BF4B-00C04F79EFBC}") = "winexpext.unittest", "winexpext.unittest\winexpext.unittest.csproj", "{219401E2-D52F-548D-A522-F2229BBE3104}"
EndProject
Project("{2150E333-8FDC-42A3-9474-1A3956D46DE8}") = "_Solution", "_Solution", "{733C5E69-61B1-493A-9D54-3F9BB1DBA1AF}"
	ProjectSection(SolutionItems) = preProject
		.gitattributes = .gitattributes
		.gitignore = .gitignore
	EndProjectSection
EndProject
Global
	GlobalSection(SolutionConfigurationPlatforms) = preSolution
		Debug|Any CPU = Debug|Any CPU
		Release|Any CPU = Release|Any CPU
	EndGlobalSection
	GlobalSection(ProjectConfigurationPlatforms) = postSolution
		{B30FC8D2-EB34-F595-4A0F-61DB86B93984}.Debug|Any CPU.ActiveCfg = Debug|Any CPU
		{B30FC8D2-EB34-F595-4A0F-61DB86B93984}.Debug|Any CPU.Build.0 = Debug|Any CPU
		{B30FC8D2-EB34-F595-4A0F-61DB86B93984}.Release|Any CPU.ActiveCfg = Release|Any CPU
		{B30FC8D2-EB34-F595-4A0F-61DB86B93984}.Release|Any CPU.Build.0 = Release|Any CPU
		{614DF31A-D9EE-F686-00DD-09D8760C1D93}.Debug|Any CPU.ActiveCfg = Debug|Any CPU
		{614DF31A-D9EE-F686-00DD-09D8760C1D93}.Debug|Any CPU.Build.0 = Debug|Any CPU
		{614DF31A-D9EE-F686-00DD-09D8760C1D93}.Release|Any CPU.ActiveCfg = Release|Any CPU
		{614DF31A-D9EE-F686-00DD-09D8760C1D93}.Release|Any CPU.Build.0 = Release|Any CPU
		{219401E2-D52F-548D-A522-F2229BBE3104}.Debug|Any CPU.ActiveCfg = Debug|Any CPU
		{219401E2-D52F-548D-A522-F2229BBE3104}.Debug|Any CPU.Build.0 = Debug|Any CPU
		{219401E2-D52F-548D-A522-F2229BBE3104}.Release|Any CPU.ActiveCfg = Release|Any CPU
		{219401E2-D52F-548D-A522-F2229BBE3104}.Release|Any CPU.Build.0 = Release|Any CPU
	EndGlobalSection
	GlobalSection(SolutionProperties) = preSolution
		HideSolutionNode = FALSE
	EndGlobalSection
	GlobalSection(NestedProjects) = preSolution
		{3365AEEB-B440-4B19-9765-A7D7CE4DEF97} = {27CF2740-FA46-4656-969A-B2206E00EE30}
	EndGlobalSection
	GlobalSection(ExtensibilityGlobals) = postSolution
		SolutionGuid = {773167F7-BD1A-4A1D-9A4A-11017A3C772E}
	EndGlobalSection
EndGlobal
